
Microsoft Visual Studio Solution File, Format Version 12.00
# Visual Studio 2012
Project("{FAE04EC0-301F-11D3-BF4B-00C04F79EFBC}") = "cbsilentpostdemo", "cbsilentpostdemo\cbsilentpostdemo.csproj", "{E4C1E9C3-E666-43E9-9820-256B8A111B9B}"
EndProject
Project("{FAE04EC0-301F-11D3-BF4B-00C04F79EFBC}") = "mpps", "mpps\mpps.csproj", "{ED3476B3-F33B-4797-870E-C00F9EB45083}"
EndProject
Global
	GlobalSection(SolutionConfigurationPlatforms) = preSolution
		Debug|Any CPU = Debug|Any CPU
		Release|Any CPU = Release|Any CPU
	EndGlobalSection
	GlobalSection(ProjectConfigurationPlatforms) = postSolution
		{E4C1E9C3-E666-43E9-9820-256B8A111B9B}.Debug|Any CPU.ActiveCfg = Debug|Any CPU
		{E4C1E9C3-E666-43E9-9820-256B8A111B9B}.Debug|Any CPU.Build.0 = Debug|Any CPU
		{E4C1E9C3-E666-43E9-9820-256B8A111B9B}.Release|Any CPU.ActiveCfg = Release|Any CPU
		{E4C1E9C3-E666-43E9-9820-256B8A111B9B}.Release|Any CPU.Build.0 = Release|Any CPU
		{ED3476B3-F33B-4797-870E-C00F9EB45083}.Debug|Any CPU.ActiveCfg = Debug|Any CPU
		{ED3476B3-F33B-4797-870E-C00F9EB45083}.Debug|Any CPU.Build.0 = Debug|Any CPU
		{ED3476B3-F33B-4797-870E-C00F9EB45083}.Release|Any CPU.ActiveCfg = Release|Any CPU
		{ED3476B3-F33B-4797-870E-C00F9EB45083}.Release|Any CPU.Build.0 = Release|Any CPU
	EndGlobalSection
	GlobalSection(SolutionProperties) = preSolution
		HideSolutionNode = FALSE
	EndGlobalSection
EndGlobal
